{
  "name": "Svelcro",
  "lockfileVersion": 2,
  "requires": true,
  "packages": {
    "": {
      "dependencies": {
        "svelte-spa-router": "^3.2.0"
      }
    },
    "node_modules/regexparam": {
      "version": "2.0.0",
      "resolved": "https://registry.npmjs.org/regexparam/-/regexparam-2.0.0.tgz",
      "integrity": "sha512-gJKwd2MVPWHAIFLsaYDZfyKzHNS4o7E/v8YmNf44vmeV2e4YfVoDToTOKTvE7ab68cRJ++kLuEXJBaEeJVt5ow==",
      "engines": {
        "node": ">=8"
      }
    },
    "node_modules/svelte-spa-router": {
      "version": "3.2.0",
      "resolved": "https://registry.npmjs.org/svelte-spa-router/-/svelte-spa-router-3.2.0.tgz",
      "integrity": "sha512-igemo5Vs82TGBBw+DjWt6qKameXYzNs6aDXcTxou5XbEvOjiRcAM6MLkdVRCatn6u8r42dE99bt/br7T4qe/AQ==",
      "dependencies": {
        "regexparam": "2.0.0"
      },
      "funding": {
        "url": "https://github.com/sponsors/ItalyPaleAle"
      }
    }
  },
  "dependencies": {
    "regexparam": {
      "version": "2.0.0",
      "resolved": "https://registry.npmjs.org/regexparam/-/regexparam-2.0.0.tgz",
      "integrity": "sha512-gJKwd2MVPWHAIFLsaYDZfyKzHNS4o7E/v8YmNf44vmeV2e4YfVoDToTOKTvE7ab68cRJ++kLuEXJBaEeJVt5ow=="
    },
    "svelte-spa-router": {
      "version": "3.2.0",
      "resolved": "https://registry.npmjs.org/svelte-spa-router/-/svelte-spa-router-3.2.0.tgz",
      "integrity": "sha512-igemo5Vs82TGBBw+DjWt6qKameXYzNs6aDXcTxou5XbEvOjiRcAM6MLkdVRCatn6u8r42dE99bt/br7T4qe/AQ==",
      "requires": {
        "regexparam": "2.0.0"
      }
    }
  }
}
